
Microsoft Visual Studio Solution File, Format Version 12.00
# Visual Studio Version 17
VisualStudioVersion = 17.3.32929.385
MinimumVisualStudioVersion = 10.0.40219.1
Project("{8BC9CEB8-8B4A-11D0-8D11-00A0C91BC942}") = "CudaRuntime1", "CudaRuntime1\CudaRuntime1.vcxproj", "{64770707-A592-4F71-B6CB-59B0CFC0FE13}"
EndProject
Global
	GlobalSection(SolutionConfigurationPlatforms) = preSolution
		Debug|x64 = Debug|x64
		Release|x64 = Release|x64
	EndGlobalSection
	GlobalSection(ProjectConfigurationPlatforms) = postSolution
		{64770707-A592-4F71-B6CB-59B0CFC0FE13}.Debug|x64.ActiveCfg = Debug|x64
		{64770707-A592-4F71-B6CB-59B0CFC0FE13}.Debug|x64.Build.0 = Debug|x64
		{64770707-A592-4F71-B6CB-59B0CFC0FE13}.Release|x64.ActiveCfg = Release|x64
		{64770707-A592-4F71-B6CB-59B0CFC0FE13}.Release|x64.Build.0 = Release|x64
	EndGlobalSection
	GlobalSection(SolutionProperties) = preSolution
		HideSolutionNode = FALSE
	EndGlobalSection
	GlobalSection(ExtensibilityGlobals) = postSolution
		SolutionGuid = {E19534AA-ED14-4181-831B-A0E71D790679}
	EndGlobalSection
EndGlobal
